
Microsoft Visual Studio Solution File, Format Version 12.00
# Visual Studio 15
VisualStudioVersion = 15.0.27130.2027
MinimumVisualStudioVersion = 10.0.40219.1
Project("{FAE04EC0-301F-11D3-BF4B-00C04F79EFBC}") = "SystemOfSales", "SystemOfSales\SystemOfSales.csproj", "{4DB990BD-8223-4328-A40D-8CE74A5C9FC7}"
EndProject
Project("{FAE04EC0-301F-11D3-BF4B-00C04F79EFBC}") = "BLL", "BLL\BLL.csproj", "{8D2F0088-A2DC-4135-9E25-448EB89376E2}"
EndProject
Project("{FAE04EC0-301F-11D3-BF4B-00C04F79EFBC}") = "DAL", "DAL\DAL.csproj", "{30946D58-DBC4-459F-A880-4F859FB377F4}"
EndProject
Project("{FAE04EC0-301F-11D3-BF4B-00C04F79EFBC}") = "Entidades", "Entidades\Entidades.csproj", "{8A68198D-ADA6-4270-A7D6-23FFBD4496E1}"
EndProject
Project("{FAE04EC0-301F-11D3-BF4B-00C04F79EFBC}") = "BLLTests", "BLLTests\BLLTests.csproj", "{EC5C3BD5-3D1F-40A4-B63A-F0A1C6C01076}"
EndProject
Project("{FAE04EC0-301F-11D3-BF4B-00C04F79EFBC}") = "SystemsOfSalesWeb", "SystemsOfSalesWeb\SystemsOfSalesWeb.csproj", "{9E2338BC-ED64-4151-B357-9C7CA0B8A049}"
EndProject
Project("{FAE04EC0-301F-11D3-BF4B-00C04F79EFBC}") = "SystemsOfSalesWeb.Tests", "SystemsOfSalesWeb.Tests\SystemsOfSalesWeb.Tests.csproj", "{95516156-F5A7-47CF-ABFF-F574016F1F99}"
EndProject
Global
	GlobalSection(SolutionConfigurationPlatforms) = preSolution
		Debug|Any CPU = Debug|Any CPU
		Release|Any CPU = Release|Any CPU
	EndGlobalSection
	GlobalSection(ProjectConfigurationPlatforms) = postSolution
		{4DB990BD-8223-4328-A40D-8CE74A5C9FC7}.Debug|Any CPU.ActiveCfg = Debug|Any CPU
		{4DB990BD-8223-4328-A40D-8CE74A5C9FC7}.Debug|Any CPU.Build.0 = Debug|Any CPU
		{4DB990BD-8223-4328-A40D-8CE74A5C9FC7}.Release|Any CPU.ActiveCfg = Release|Any CPU
		{4DB990BD-8223-4328-A40D-8CE74A5C9FC7}.Release|Any CPU.Build.0 = Release|Any CPU
		{8D2F0088-A2DC-4135-9E25-448EB89376E2}.Debug|Any CPU.ActiveCfg = Debug|Any CPU
		{8D2F0088-A2DC-4135-9E25-448EB89376E2}.Debug|Any CPU.Build.0 = Debug|Any CPU
		{8D2F0088-A2DC-4135-9E25-448EB89376E2}.Release|Any CPU.ActiveCfg = Release|Any CPU
		{8D2F0088-A2DC-4135-9E25-448EB89376E2}.Release|Any CPU.Build.0 = Release|Any CPU
		{30946D58-DBC4-459F-A880-4F859FB377F4}.Debug|Any CPU.ActiveCfg = Debug|Any CPU
		{30946D58-DBC4-459F-A880-4F859FB377F4}.Debug|Any CPU.Build.0 = Debug|Any CPU
		{30946D58-DBC4-459F-A880-4F859FB377F4}.Release|Any CPU.ActiveCfg = Release|Any CPU
		{30946D58-DBC4-459F-A880-4F859FB377F4}.Release|Any CPU.Build.0 = Release|Any CPU
		{8A68198D-ADA6-4270-A7D6-23FFBD4496E1}.Debug|Any CPU.ActiveCfg = Debug|Any CPU
		{8A68198D-ADA6-4270-A7D6-23FFBD4496E1}.Debug|Any CPU.Build.0 = Debug|Any CPU
		{8A68198D-ADA6-4270-A7D6-23FFBD4496E1}.Release|Any CPU.ActiveCfg = Release|Any CPU
		{8A68198D-ADA6-4270-A7D6-23FFBD4496E1}.Release|Any CPU.Build.0 = Release|Any CPU
		{EC5C3BD5-3D1F-40A4-B63A-F0A1C6C01076}.Debug|Any CPU.ActiveCfg = Debug|Any CPU
		{EC5C3BD5-3D1F-40A4-B63A-F0A1C6C01076}.Debug|Any CPU.Build.0 = Debug|Any CPU
		{EC5C3BD5-3D1F-40A4-B63A-F0A1C6C01076}.Release|Any CPU.ActiveCfg = Release|Any CPU
		{EC5C3BD5-3D1F-40A4-B63A-F0A1C6C01076}.Release|Any CPU.Build.0 = Release|Any CPU
		{9E2338BC-ED64-4151-B357-9C7CA0B8A049}.Debug|Any CPU.ActiveCfg = Debug|Any CPU
		{9E2338BC-ED64-4151-B357-9C7CA0B8A049}.Debug|Any CPU.Build.0 = Debug|Any CPU
		{9E2338BC-ED64-4151-B357-9C7CA0B8A049}.Release|Any CPU.ActiveCfg = Release|Any CPU
		{9E2338BC-ED64-4151-B357-9C7CA0B8A049}.Release|Any CPU.Build.0 = Release|Any CPU
		{95516156-F5A7-47CF-ABFF-F574016F1F99}.Debug|Any CPU.ActiveCfg = Debug|Any CPU
		{95516156-F5A7-47CF-ABFF-F574016F1F99}.Debug|Any CPU.Build.0 = Debug|Any CPU
		{95516156-F5A7-47CF-ABFF-F574016F1F99}.Release|Any CPU.ActiveCfg = Release|Any CPU
		{95516156-F5A7-47CF-ABFF-F574016F1F99}.Release|Any CPU.Build.0 = Release|Any CPU
	EndGlobalSection
	GlobalSection(SolutionProperties) = preSolution
		HideSolutionNode = FALSE
	EndGlobalSection
	GlobalSection(ExtensibilityGlobals) = postSolution
		SolutionGuid = {2991A77A-AB05-4F6F-AA6D-E7040564F151}
	EndGlobalSection
EndGlobal
